github.com/arran4/go-subcommand v0.0.26 h1:H2dM+gaT+21OaQvJUyHbAdzg+5XhA1Tir3TqpmVDd1c=
github.com/arran4/go-subcommand v0.0.26/go.mod h1:A961BUYE81k8c7qaxMydKJciNNJ0NuZzdfIl0T4+Q4M=
github.com/arran4/strings2 v0.0.6 h1:u05UbB7il0FZr1Cc7irUjnVl/F5e6Cy4uV+y5pf+zkM=
github.com/arran4/strings2 v0.0.6/go.mod h1:QS/Pha/uvk0ppqysoLHsr9wCky5ZMQPr1VglCBrTSGw=
golang.org/x/mod v0.38.0 h1:MECBjubtXD7yj4HrhIUcywNaGeNVUdfVnxmPajOk4yk=
golang.org/x/mod v0.38.0/go.mod h1:V6Xz0pq8TQ3dGqVQ1FVHuelZpAL0uNhSkk9ogYP3c40=
golang.org/x/text v0.32.0 h1:ZD01bjUt1FQ9WJ0ClOL5vxgxOI/sVCNgX1YtKwcY0mU=
golang.org/x/text v0.32.0/go.mod h1:o/rUWzghvpD5TXrTIBuJU77MTaN0ljMWE47kxGJQ7jY=
golang.org/x/tools v0.48.0 h1:3+hClM1aLL5mjMKm5ovokw9epgRXPuu2tILgismM6RE=
golang.org/x/tools v0.48.0/go.mod h1:08xX0orndb/F7jJxGDicx061tyd5pcMto75YMAXr6lk=
